// !$*UTF8*$!
{
	archiveVersion = 1;
	classes = {
	};
	objectVersion = 46;
	objects = {

/* Begin PBXBuildFile section */
		A62E9EB01F440004002CD22E /* AppDelegate.swift in Sources */ = {isa = PBXBuildFile; fileRef = A62E9EAF1F440004002CD22E /* AppDelegate.swift */; };
		A62E9EB21F440004002CD22E /* LoginViewController.swift in Sources */ = {isa = PBXBuildFile; fileRef = A62E9EB11F440004002CD22E /* LoginViewController.swift */; };
		A62E9EB51F440004002CD22E /* Main.storyboard in Resources */ = {isa = PBXBuildFile; fileRef = A62E9EB31F440004002CD22E /* Main.storyboard */; };
		A62E9EB71F440004002CD22E /* Assets.xcassets in Resources */ = {isa = PBXBuildFile; fileRef = A62E9EB61F440004002CD22E /* Assets.xcassets */; };
		A62E9EBA1F440004002CD22E /* LaunchScreen.storyboard in Resources */ = {isa = PBXBuildFile; fileRef = A62E9EB81F440004002CD22E /* LaunchScreen.storyboard */; };
		A62E9EE91F447B35002CD22E /* HomeViewController.swift in Sources */ = {isa = PBXBuildFile; fileRef = A62E9EE81F447B35002CD22E /* HomeViewController.swift */; };
		A62E9EEB1F447BB8002CD22E /* NewChallengeViewController.swift in Sources */ = {isa = PBXBuildFile; fileRef = A62E9EEA1F447BB8002CD22E /* NewChallengeViewController.swift */; };
		A62E9EED1F447EB9002CD22E /* Topic.swift in Sources */ = {isa = PBXBuildFile; fileRef = A62E9EEC1F447EB9002CD22E /* Topic.swift */; };
		A62E9EEF1F447F94002CD22E /* Question.swift in Sources */ = {isa = PBXBuildFile; fileRef = A62E9EEE1F447F94002CD22E /* Question.swift */; };
		A62E9EF11F448E0C002CD22E /* Student.swift in Sources */ = {isa = PBXBuildFile; fileRef = A62E9EF01F448E0C002CD22E /* Student.swift */; };
		A62E9EF31F4492F4002CD22E /* UserClass.swift in Sources */ = {isa = PBXBuildFile; fileRef = A62E9EF21F4492F4002CD22E /* UserClass.swift */; };
		A62E9EF51F4583DA002CD22E /* GoogleService-Info.plist in Resources */ = {isa = PBXBuildFile; fileRef = A62E9EF41F4583DA002CD22E /* GoogleService-Info.plist */; };
		A669B6A81F528F210069D750 /* ChallengeViewController.swift in Sources */ = {isa = PBXBuildFile; fileRef = A669B6A71F528F210069D750 /* ChallengeViewController.swift */; };
		A6757A3C1F4FDF3400144FAC /* Challenge.swift in Sources */ = {isa = PBXBuildFile; fileRef = A6757A3B1F4FDF3400144FAC /* Challenge.swift */; };
		A6757A3E1F4FFEA700144FAC /* ChallengeStatusViewController.swift in Sources */ = {isa = PBXBuildFile; fileRef = A6757A3D1F4FFEA700144FAC /* ChallengeStatusViewController.swift */; };
		A681E5001F5FA0080050623A /* ChallengeSummaryViewController.swift in Sources */ = {isa = PBXBuildFile; fileRef = A681E4FF1F5FA0080050623A /* ChallengeSummaryViewController.swift */; };
		F1339186E3F76D3442C4F2A7 /* Pods_Multiple_Choice_Engine.framework in Frameworks */ = {isa = PBXBuildFile; fileRef = E73DC6785847BA3CEE64C470 /* Pods_Multiple_Choice_Engine.framework */; };
/* End PBXBuildFile section */

/* Begin PBXFileReference section */
		472E46A9C956240A18F8D3BC /* Pods-Multiple Choice Engine.release.xcconfig */ = {isa = PBXFileReference; includeInIndex = 1; lastKnownFileType = text.xcconfig; name = "Pods-Multiple Choice Engine.release.xcconfig"; path = "Pods/Target Support Files/Pods-Multiple Choice Engine/Pods-Multiple Choice Engine.release.xcconfig"; sourceTree = "<group>"; };
		552E771627FA3C329D5A3B86 /* Pods-Multiple Choice Engine.debug.xcconfig */ = {isa = PBXFileReference; includeInIndex = 1; lastKnownFileType = text.xcconfig; name = "Pods-Multiple Choice Engine.debug.xcconfig"; path = "Pods/Target Support Files/Pods-Multiple Choice Engine/Pods-Multiple Choice Engine.debug.xcconfig"; sourceTree = "<group>"; };
		A62E9EAC1F440004002CD22E /* Multiple Choice Engine.app */ = {isa = PBXFileReference; explicitFileType = wrapper.application; includeInIndex = 0; path = "Multiple Choice Engine.app"; sourceTree = BUILT_PRODUCTS_DIR; };
		A62E9EAF1F440004002CD22E /* AppDelegate.swift */ = {isa = PBXFileReference; lastKnownFileType = sourcecode.swift; path = AppDelegate.swift; sourceTree = "<group>"; };
		A62E9EB11F440004002CD22E /* LoginViewController.swift */ = {isa = PBXFileReference; lastKnownFileType = sourcecode.swift; path = LoginViewController.swift; sourceTree = "<group>"; };
		A62E9EB41F440004002CD22E /* Base */ = {isa = PBXFileReference; lastKnownFileType = file.storyboard; name = Base; path = Base.lproj/Main.storyboard; sourceTree = "<group>"; };
		A62E9EB61F440004002CD22E /* Assets.xcassets */ = {isa = PBXFileReference; lastKnownFileType = folder.assetcatalog; path = Assets.xcassets; sourceTree = "<group>"; };
		A62E9EB91F440004002CD22E /* Base */ = {isa = PBXFileReference; lastKnownFileType = file.storyboard; name = Base; path = Base.lproj/LaunchScreen.storyboard; sourceTree = "<group>"; };
		A62E9EBB1F440004002CD22E /* Info.plist */ = {isa = PBXFileReference; lastKnownFileType = text.plist.xml; path = Info.plist; sourceTree = "<group>"; };
		A62E9EE81F447B35002CD22E /* HomeViewController.swift */ = {isa = PBXFileReference; fileEncoding = 4; lastKnownFileType = sourcecode.swift; path = HomeViewController.swift; sourceTree = "<group>"; };
		A62E9EEA1F447BB8002CD22E /* NewChallengeViewController.swift */ = {isa = PBXFileReference; fileEncoding = 4; lastKnownFileType = sourcecode.swift; path = NewChallengeViewController.swift; sourceTree = "<group>"; };
		A62E9EEC1F447EB9002CD22E /* Topic.swift */ = {isa = PBXFileReference; fileEncoding = 4; lastKnownFileType = sourcecode.swift; path = Topic.swift; sourceTree = "<group>"; };
		A62E9EEE1F447F94002CD22E /* Question.swift */ = {isa = PBXFileReference; fileEncoding = 4; lastKnownFileType = sourcecode.swift; path = Question.swift; sourceTree = "<group>"; };
		A62E9EF01F448E0C002CD22E /* Student.swift */ = {isa = PBXFileReference; fileEncoding = 4; lastKnownFileType = sourcecode.swift; path = Student.swift; sourceTree = "<group>"; };
		A62E9EF21F4492F4002CD22E /* UserClass.swift */ = {isa = PBXFileReference; fileEncoding = 4; lastKnownFileType = sourcecode.swift; path = UserClass.swift; sourceTree = "<group>"; };
		A62E9EF41F4583DA002CD22E /* GoogleService-Info.plist */ = {isa = PBXFileReference; fileEncoding = 4; lastKnownFileType = text.plist.xml; path = "GoogleService-Info.plist"; sourceTree = "<group>"; };
		A669B6A71F528F210069D750 /* ChallengeViewController.swift */ = {isa = PBXFileReference; fileEncoding = 4; lastKnownFileType = sourcecode.swift; path = ChallengeViewController.swift; sourceTree = "<group>"; };
		A6757A3B1F4FDF3400144FAC /* Challenge.swift */ = {isa = PBXFileReference; fileEncoding = 4; lastKnownFileType = sourcecode.swift; path = Challenge.swift; sourceTree = "<group>"; };
		A6757A3D1F4FFEA700144FAC /* ChallengeStatusViewController.swift */ = {isa = PBXFileReference; fileEncoding = 4; lastKnownFileType = sourcecode.swift; path = ChallengeStatusViewController.swift; sourceTree = "<group>"; };
		A681E4FF1F5FA0080050623A /* ChallengeSummaryViewController.swift */ = {isa = PBXFileReference; fileEncoding = 4; lastKnownFileType = sourcecode.swift; path = ChallengeSummaryViewController.swift; sourceTree = "<group>"; };
		E73DC6785847BA3CEE64C470 /* Pods_Multiple_Choice_Engine.framework */ = {isa = PBXFileReference; explicitFileType = wrapper.framework; includeInIndex = 0; path = Pods_Multiple_Choice_Engine.framework; sourceTree = BUILT_PRODUCTS_DIR; };
/* End PBXFileReference section */

/* Begin PBXFrameworksBuildPhase section */
		A62E9EA91F440004002CD22E /* Frameworks */ = {
			isa = PBXFrameworksBuildPhase;
			buildActionMask = 2147483647;
			files = (
				F1339186E3F76D3442C4F2A7 /* Pods_Multiple_Choice_Engine.framework in Frameworks */,
			);
			runOnlyForDeploymentPostprocessing = 0;
		};
/* End PBXFrameworksBuildPhase section */

/* Begin PBXGroup section */
		A62E9EA31F440004002CD22E = {
			isa = PBXGroup;
			children = (
				A62E9EAE1F440004002CD22E /* Multiple Choice Engine */,
				A62E9EAD1F440004002CD22E /* Products */,
				A91035D4EDA1E30168A186AB /* Pods */,
				F1E1D9DEF2EC8AC6014D5294 /* Frameworks */,
			);
			sourceTree = "<group>";
		};
		A62E9EAD1F440004002CD22E /* Products */ = {
			isa = PBXGroup;
			children = (
				A62E9EAC1F440004002CD22E /* Multiple Choice Engine.app */,
			);
			name = Products;
			sourceTree = "<group>";
		};
		A62E9EAE1F440004002CD22E /* Multiple Choice Engine */ = {
			isa = PBXGroup;
			children = (
				A62E9EC41F440388002CD22E /* Model */,
				A62E9EC51F44038D002CD22E /* View */,
				A62E9EC31F44037E002CD22E /* Controller */,
				A62E9EAF1F440004002CD22E /* AppDelegate.swift */,
				A62E9EB31F440004002CD22E /* Main.storyboard */,
				A62E9EB61F440004002CD22E /* Assets.xcassets */,
				A62E9EB81F440004002CD22E /* LaunchScreen.storyboard */,
				A62E9EBB1F440004002CD22E /* Info.plist */,
				A62E9EF41F4583DA002CD22E /* GoogleService-Info.plist */,
			);
			path = "Multiple Choice Engine";
			sourceTree = "<group>";
		};
		A62E9EC31F44037E002CD22E /* Controller */ = {
			isa = PBXGroup;
			children = (
				A62E9EB11F440004002CD22E /* LoginViewController.swift */,
				A62E9EE81F447B35002CD22E /* HomeViewController.swift */,
				A62E9EEA1F447BB8002CD22E /* NewChallengeViewController.swift */,
				A6757A3D1F4FFEA700144FAC /* ChallengeStatusViewController.swift */,
				A669B6A71F528F210069D750 /* ChallengeViewController.swift */,
				A681E4FF1F5FA0080050623A /* ChallengeSummaryViewController.swift */,
			);
			name = Controller;
			sourceTree = "<group>";
		};
		A62E9EC41F440388002CD22E /* Model */ = {
			isa = PBXGroup;
			children = (
				A62E9EEC1F447EB9002CD22E /* Topic.swift */,
				A62E9EEE1F447F94002CD22E /* Question.swift */,
				A62E9EF01F448E0C002CD22E /* Student.swift */,
				A62E9EF21F4492F4002CD22E /* UserClass.swift */,
				A6757A3B1F4FDF3400144FAC /* Challenge.swift */,
			);
			name = Model;
			sourceTree = "<group>";
		};
		A62E9EC51F44038D002CD22E /* View */ = {
			isa = PBXGroup;
			children = (
			);
			name = View;
			sourceTree = "<group>";
		};
		A91035D4EDA1E30168A186AB /* Pods */ = {
			isa = PBXGroup;
			children = (
				552E771627FA3C329D5A3B86 /* Pods-Multiple Choice Engine.debug.xcconfig */,
				472E46A9C956240A18F8D3BC /* Pods-Multiple Choice Engine.release.xcconfig */,
			);
			name = Pods;
			sourceTree = "<group>";
		};
		F1E1D9DEF2EC8AC6014D5294 /* Frameworks */ = {
			isa = PBXGroup;
			children = (
				E73DC6785847BA3CEE64C470 /* Pods_Multiple_Choice_Engine.framework */,
			);
			name = Frameworks;
			sourceTree = "<group>";
		};
/* End PBXGroup section */

/* Begin PBXNativeTarget section */
		A62E9EAB1F440004002CD22E /* Multiple Choice Engine */ = {
			isa = PBXNativeTarget;
			buildConfigurationList = A62E9EBE1F440004002CD22E /* Build configuration list for PBXNativeTarget "Multiple Choice Engine" */;
			buildPhases = (
				D2BFE9C9F17F22A0A03057F6 /* [CP] Check Pods Manifest.lock */,
				A62E9EA81F440004002CD22E /* Sources */,
				A62E9EA91F440004002CD22E /* Frameworks */,
				A62E9EAA1F440004002CD22E /* Resources */,
				3FF11D4B96771DE408EF2DEB /* [CP] Embed Pods Frameworks */,
				4FA39257C38D7A24CE1AA441 /* [CP] Copy Pods Resources */,
			);
			buildRules = (
			);
			dependencies = (
			);
			name = "Multiple Choice Engine";
			productName = "Multiple Choice Engine";
			productReference = A62E9EAC1F440004002CD22E /* Multiple Choice Engine.app */;
			productType = "com.apple.product-type.application";
		};
/* End PBXNativeTarget section */

/* Begin PBXProject section */
		A62E9EA41F440004002CD22E /* Project object */ = {
			isa = PBXProject;
			attributes = {
				LastSwiftUpdateCheck = 0830;
				LastUpgradeCheck = 0830;
				ORGANIZATIONNAME = "Ray Paragas";
				TargetAttributes = {
					A62E9EAB1F440004002CD22E = {
						CreatedOnToolsVersion = 8.3.2;
						DevelopmentTeam = HKAVBPG58A;
						ProvisioningStyle = Automatic;
					};
				};
			};
			buildConfigurationList = A62E9EA71F440004002CD22E /* Build configuration list for PBXProject "Multiple Choice Engine" */;
			compatibilityVersion = "Xcode 3.2";
			developmentRegion = English;
			hasScannedForEncodings = 0;
			knownRegions = (
				en,
				Base,
			);
			mainGroup = A62E9EA31F440004002CD22E;
			productRefGroup = A62E9EAD1F440004002CD22E /* Products */;
			projectDirPath = "";
			projectRoot = "";
			targets = (
				A62E9EAB1F440004002CD22E /* Multiple Choice Engine */,
			);
		};
/* End PBXProject section */

/* Begin PBXResourcesBuildPhase section */
		A62E9EAA1F440004002CD22E /* Resources */ = {
			isa = PBXResourcesBuildPhase;
			buildActionMask = 2147483647;
			files = (
				A62E9EBA1F440004002CD22E /* LaunchScreen.storyboard in Resources */,
				A62E9EB71F440004002CD22E /* Assets.xcassets in Resources */,
				A62E9EB51F440004002CD22E /* Main.storyboard in Resources */,
				A62E9EF51F4583DA002CD22E /* GoogleService-Info.plist in Resources */,
			);
			runOnlyForDeploymentPostprocessing = 0;
		};
/* End PBXResourcesBuildPhase section */

/* Begin PBXShellScriptBuildPhase section */
		3FF11D4B96771DE408EF2DEB /* [CP] Embed Pods Frameworks */ = {
			isa = PBXShellScriptBuildPhase;
			buildActionMask = 2147483647;
			files = (
			);
			inputPaths = (
			);
			name = "[CP] Embed Pods Frameworks";
			outputPaths = (
			);
			runOnlyForDeploymentPostprocessing = 0;
			shellPath = /bin/sh;
			shellScript = "\"${SRCROOT}/Pods/Target Support Files/Pods-Multiple Choice Engine/Pods-Multiple Choice Engine-frameworks.sh\"\n";
			showEnvVarsInLog = 0;
		};
		4FA39257C38D7A24CE1AA441 /* [CP] Copy Pods Resources */ = {
			isa = PBXShellScriptBuildPhase;
			buildActionMask = 2147483647;
			files = (
			);
			inputPaths = (
			);
			name = "[CP] Copy Pods Resources";
			outputPaths = (
			);
			runOnlyForDeploymentPostprocessing = 0;
			shellPath = /bin/sh;
			shellScript = "\"${SRCROOT}/Pods/Target Support Files/Pods-Multiple Choice Engine/Pods-Multiple Choice Engine-resources.sh\"\n";
			showEnvVarsInLog = 0;
		};
		D2BFE9C9F17F22A0A03057F6 /* [CP] Check Pods Manifest.lock */ = {
			isa = PBXShellScriptBuildPhase;
			buildActionMask = 2147483647;
			files = (
			);
			inputPaths = (
			);
			name = "[CP] Check Pods Manifest.lock";
			outputPaths = (
			);
			runOnlyForDeploymentPostprocessing = 0;
			shellPath = /bin/sh;
			shellScript = "diff \"${PODS_ROOT}/../Podfile.lock\" \"${PODS_ROOT}/Manifest.lock\" > /dev/null\nif [ $? != 0 ] ; then\n    # print error to STDERR\n    echo \"error: The sandbox is not in sync with the Podfile.lock. Run 'pod install' or update your CocoaPods installation.\" >&2\n    exit 1\nfi\n";
			showEnvVarsInLog = 0;
		};
/* End PBXShellScriptBuildPhase section */

/* Begin PBXSourcesBuildPhase section */
		A62E9EA81F440004002CD22E /* Sources */ = {
			isa = PBXSourcesBuildPhase;
			buildActionMask = 2147483647;
			files = (
				A669B6A81F528F210069D750 /* ChallengeViewController.swift in Sources */,
				A6757A3E1F4FFEA700144FAC /* ChallengeStatusViewController.swift in Sources */,
				A62E9EB21F440004002CD22E /* LoginViewController.swift in Sources */,
				A681E5001F5FA0080050623A /* ChallengeSummaryViewController.swift in Sources */,
				A6757A3C1F4FDF3400144FAC /* Challenge.swift in Sources */,
				A62E9EED1F447EB9002CD22E /* Topic.swift in Sources */,
				A62E9EB01F440004002CD22E /* AppDelegate.swift in Sources */,
				A62E9EEF1F447F94002CD22E /* Question.swift in Sources */,
				A62E9EEB1F447BB8002CD22E /* NewChallengeViewController.swift in Sources */,
				A62E9EF11F448E0C002CD22E /* Student.swift in Sources */,
				A62E9EE91F447B35002CD22E /* HomeViewController.swift in Sources */,
				A62E9EF31F4492F4002CD22E /* UserClass.swift in Sources */,
			);
			runOnlyForDeploymentPostprocessing = 0;
		};
/* End PBXSourcesBuildPhase section */

/* Begin PBXVariantGroup section */
		A62E9EB31F440004002CD22E /* Main.storyboard */ = {
			isa = PBXVariantGroup;
			children = (
				A62E9EB41F440004002CD22E /* Base */,
			);
			name = Main.storyboard;
			sourceTree = "<group>";
		};
		A62E9EB81F440004002CD22E /* LaunchScreen.storyboard */ = {
			isa = PBXVariantGroup;
			children = (
				A62E9EB91F440004002CD22E /* Base */,
			);
			name = LaunchScreen.storyboard;
			sourceTree = "<group>";
		};
/* End PBXVariantGroup section */

/* Begin XCBuildConfiguration section */
		A62E9EBC1F440004002CD22E /* Debug */ = {
			isa = XCBuildConfiguration;
			buildSettings = {
				ALWAYS_SEARCH_USER_PATHS = NO;
				CLANG_ANALYZER_NONNULL = YES;
				CLANG_ANALYZER_NUMBER_OBJECT_CONVERSION = YES_AGGRESSIVE;
				CLANG_CXX_LANGUAGE_STANDARD = "gnu++0x";
				CLANG_CXX_LIBRARY = "libc++";
				CLANG_ENABLE_MODULES = YES;
				CLANG_ENABLE_OBJC_ARC = YES;
				CLANG_WARN_BOOL_CONVERSION = YES;
				CLANG_WARN_CONSTANT_CONVERSION = YES;
				CLANG_WARN_DIRECT_OBJC_ISA_USAGE = YES_ERROR;
				CLANG_WARN_DOCUMENTATION_COMMENTS = YES;
				CLANG_WARN_EMPTY_BODY = YES;
				CLANG_WARN_ENUM_CONVERSION = YES;
				CLANG_WARN_INFINITE_RECURSION = YES;
				CLANG_WARN_INT_CONVERSION = YES;
				CLANG_WARN_OBJC_ROOT_CLASS = YES_ERROR;
				CLANG_WARN_SUSPICIOUS_MOVE = YES;
				CLANG_WARN_UNREACHABLE_CODE = YES;
				CLANG_WARN__DUPLICATE_METHOD_MATCH = YES;
				"CODE_SIGN_IDENTITY[sdk=iphoneos*]" = "iPhone Developer";
				COPY_PHASE_STRIP = NO;
				DEBUG_INFORMATION_FORMAT = dwarf;
				ENABLE_STRICT_OBJC_MSGSEND = YES;
				ENABLE_TESTABILITY = YES;
				GCC_C_LANGUAGE_STANDARD = gnu99;
				GCC_DYNAMIC_NO_PIC = NO;
				GCC_NO_COMMON_BLOCKS = YES;
				GCC_OPTIMIZATION_LEVEL = 0;
				GCC_PREPROCESSOR_DEFINITIONS = (
					"DEBUG=1",
					"$(inherited)",
				);
				GCC_WARN_64_TO_32_BIT_CONVERSION = YES;
				GCC_WARN_ABOUT_RETURN_TYPE = YES_ERROR;
				GCC_WARN_UNDECLARED_SELECTOR = YES;
				GCC_WARN_UNINITIALIZED_AUTOS = YES_AGGRESSIVE;
				GCC_WARN_UNUSED_FUNCTION = YES;
				GCC_WARN_UNUSED_VARIABLE = YES;
				IPHONEOS_DEPLOYMENT_TARGET = 10.3;
				MTL_ENABLE_DEBUG_INFO = YES;
				ONLY_ACTIVE_ARCH = YES;
				SDKROOT = iphoneos;
				SWIFT_ACTIVE_COMPILATION_CONDITIONS = DEBUG;
				SWIFT_OPTIMIZATION_LEVEL = "-Onone";
				TARGETED_DEVICE_FAMILY = "1,2";
			};
			name = Debug;
		};
		A62E9EBD1F440004002CD22E /* Release */ = {
			isa = XCBuildConfiguration;
			buildSettings = {
				ALWAYS_SEARCH_USER_PATHS = NO;
				CLANG_ANALYZER_NONNULL = YES;
				CLANG_ANALYZER_NUMBER_OBJECT_CONVERSION = YES_AGGRESSIVE;
				CLANG_CXX_LANGUAGE_STANDARD = "gnu++0x";
				CLANG_CXX_LIBRARY = "libc++";
				CLANG_ENABLE_MODULES = YES;
				CLANG_ENABLE_OBJC_ARC = YES;
				CLANG_WARN_BOOL_CONVERSION = YES;
				CLANG_WARN_CONSTANT_CONVERSION = YES;
				CLANG_WARN_DIRECT_OBJC_ISA_USAGE = YES_ERROR;
				CLANG_WARN_DOCUMENTATION_COMMENTS = YES;
				CLANG_WARN_EMPTY_BODY = YES;
				CLANG_WARN_ENUM_CONVERSION = YES;
				CLANG_WARN_INFINITE_RECURSION = YES;
				CLANG_WARN_INT_CONVERSION = YES;
				CLANG_WARN_OBJC_ROOT_CLASS = YES_ERROR;
				CLANG_WARN_SUSPICIOUS_MOVE = YES;
				CLANG_WARN_UNREACHABLE_CODE = YES;
				CLANG_WARN__DUPLICATE_METHOD_MATCH = YES;
				"CODE_SIGN_IDENTITY[sdk=iphoneos*]" = "iPhone Developer";
				COPY_PHASE_STRIP = NO;
				DEBUG_INFORMATION_FORMAT = "dwarf-with-dsym";
				ENABLE_NS_ASSERTIONS = NO;
				ENABLE_STRICT_OBJC_MSGSEND = YES;
				GCC_C_LANGUAGE_STANDARD = gnu99;
				GCC_NO_COMMON_BLOCKS = YES;
				GCC_WARN_64_TO_32_BIT_CONVERSION = YES;
				GCC_WARN_ABOUT_RETURN_TYPE = YES_ERROR;
				GCC_WARN_UNDECLARED_SELECTOR = YES;
				GCC_WARN_UNINITIALIZED_AUTOS = YES_AGGRESSIVE;
				GCC_WARN_UNUSED_FUNCTION = YES;
				GCC_WARN_UNUSED_VARIABLE = YES;
				IPHONEOS_DEPLOYMENT_TARGET = 10.3;
				MTL_ENABLE_DEBUG_INFO = NO;
				SDKROOT = iphoneos;
				SWIFT_OPTIMIZATION_LEVEL = "-Owholemodule";
				TARGETED_DEVICE_FAMILY = "1,2";
				VALIDATE_PRODUCT = YES;
			};
			name = Release;
		};
		A62E9EBF1F440004002CD22E /* Debug */ = {
			isa = XCBuildConfiguration;
			baseConfigurationReference = 552E771627FA3C329D5A3B86 /* Pods-Multiple Choice Engine.debug.xcconfig */;
			buildSettings = {
				ASSETCATALOG_COMPILER_APPICON_NAME = AppIcon;
				DEVELOPMENT_TEAM = HKAVBPG58A;
				INFOPLIST_FILE = "Multiple Choice Engine/Info.plist";
				IPHONEOS_DEPLOYMENT_TARGET = 10.1;
				LD_RUNPATH_SEARCH_PATHS = "$(inherited) @executable_path/Frameworks";
				PRODUCT_BUNDLE_IDENTIFIER = com.ray.capstoneMultipleChoiceEngine;
				PRODUCT_NAME = "$(TARGET_NAME)";
				SWIFT_VERSION = 3.0;
			};
			name = Debug;
		};
		A62E9EC01F440004002CD22E /* Release */ = {
			isa = XCBuildConfiguration;
			baseConfigurationReference = 472E46A9C956240A18F8D3BC /* Pods-Multiple Choice Engine.release.xcconfig */;
			buildSettings = {
				ASSETCATALOG_COMPILER_APPICON_NAME = AppIcon;
				DEVELOPMENT_TEAM = HKAVBPG58A;
				INFOPLIST_FILE = "Multiple Choice Engine/Info.plist";
				IPHONEOS_DEPLOYMENT_TARGET = 10.1;
				LD_RUNPATH_SEARCH_PATHS = "$(inherited) @executable_path/Frameworks";
				PRODUCT_BUNDLE_IDENTIFIER = com.ray.capstoneMultipleChoiceEngine;
				PRODUCT_NAME = "$(TARGET_NAME)";
				SWIFT_VERSION = 3.0;
			};
			name = Release;
		};
/* End XCBuildConfiguration section */

/* Begin XCConfigurationList section */
		A62E9EA71F440004002CD22E /* Build configuration list for PBXProject "Multiple Choice Engine" */ = {
			isa = XCConfigurationList;
			buildConfigurations = (
				A62E9EBC1F440004002CD22E /* Debug */,
				A62E9EBD1F440004002CD22E /* Release */,
			);
			defaultConfigurationIsVisible = 0;
			defaultConfigurationName = Release;
		};
		A62E9EBE1F440004002CD22E /* Build configuration list for PBXNativeTarget "Multiple Choice Engine" */ = {
			isa = XCConfigurationList;
			buildConfigurations = (
				A62E9EBF1F440004002CD22E /* Debug */,
				A62E9EC01F440004002CD22E /* Release */,
			);
			defaultConfigurationIsVisible = 0;
			defaultConfigurationName = Release;
		};
/* End XCConfigurationList section */
	};
	rootObject = A62E9EA41F440004002CD22E /* Project object */;
}
